
Microsoft Visual Studio Solution File, Format Version 12.00
# Visual Studio Version 17
VisualStudioVersion = 17.11.35222.181
MinimumVisualStudioVersion = 10.0.40219.1
Project("{FAE04EC0-301F-11D3-BF4B-00C04F79EFBC}") = "Localfy", "Localfy.csproj", "{62E49846-3693-4C83-9CAF-9D086D21D978}"
EndProject
Global
	GlobalSection(SolutionConfigurationPlatforms) = preSolution
		Debug|Any CPU = Debug|Any CPU
		Release|Any CPU = Release|Any CPU
	EndGlobalSection
	GlobalSection(ProjectConfigurationPlatforms) = postSolution
		{62E49846-3693-4C83-9CAF-9D086D21D978}.Debug|Any CPU.ActiveCfg = Debug|Any CPU
		{62E49846-3693-4C83-9CAF-9D086D21D978}.Debug|Any CPU.Build.0 = Debug|Any CPU
		{62E49846-3693-4C83-9CAF-9D086D21D978}.Release|Any CPU.ActiveCfg = Release|Any CPU
		{62E49846-3693-4C83-9CAF-9D086D21D978}.Release|Any CPU.Build.0 = Release|Any CPU
	EndGlobalSection
	GlobalSection(SolutionProperties) = preSolution
		HideSolutionNode = FALSE
	EndGlobalSection
	GlobalSection(ExtensibilityGlobals) = postSolution
		SolutionGuid = {72CB7BD5-67D3-43B1-BB94-716574904136}
	EndGlobalSection
EndGlobal
